
Microsoft Visual Studio Solution File, Format Version 12.00
# Visual Studio Version 17
VisualStudioVersion = 17.11.35312.102
MinimumVisualStudioVersion = 10.0.40219.1
Project("{FAE04EC0-301F-11D3-BF4B-00C04F79EFBC}") = "Hospital_Management_System", "Hospital_Management_System\Hospital_Management_System.csproj", "{9C49E764-4CD5-43E2-B094-9856B8073EFA}"
EndProject
Global
	GlobalSection(SolutionConfigurationPlatforms) = preSolution
		Debug|Any CPU = Debug|Any CPU
		Release|Any CPU = Release|Any CPU
	EndGlobalSection
	GlobalSection(ProjectConfigurationPlatforms) = postSolution
		{9C49E764-4CD5-43E2-B094-9856B8073EFA}.Debug|Any CPU.ActiveCfg = Debug|Any CPU
		{9C49E764-4CD5-43E2-B094-9856B8073EFA}.Debug|Any CPU.Build.0 = Debug|Any CPU
		{9C49E764-4CD5-43E2-B094-9856B8073EFA}.Release|Any CPU.ActiveCfg = Release|Any CPU
		{9C49E764-4CD5-43E2-B094-9856B8073EFA}.Release|Any CPU.Build.0 = Release|Any CPU
	EndGlobalSection
	GlobalSection(SolutionProperties) = preSolution
		HideSolutionNode = FALSE
	EndGlobalSection
	GlobalSection(ExtensibilityGlobals) = postSolution
		SolutionGuid = {25BB1605-0ED3-4740-9EF5-E3ECD0FC1FC7}
	EndGlobalSection
EndGlobal
